// !$*UTF8*$!
{
	archiveVersion = 1;
	classes = {
	};
	objectVersion = 46;
	objects = {

/* Begin PBXBuildFile section */
		01BEC7101B84598900973716 /* AppDelegate.swift in Sources */ = {isa = PBXBuildFile; fileRef = 01BEC70F1B84598900973716 /* AppDelegate.swift */; };
		01BEC7121B84598900973716 /* ViewController.swift in Sources */ = {isa = PBXBuildFile; fileRef = 01BEC7111B84598900973716 /* ViewController.swift */; };
		01BEC7151B84598900973716 /* Main.storyboard in Resources */ = {isa = PBXBuildFile; fileRef = 01BEC7131B84598900973716 /* Main.storyboard */; };
		01BEC7171B84598900973716 /* Images.xcassets in Resources */ = {isa = PBXBuildFile; fileRef = 01BEC7161B84598900973716 /* Images.xcassets */; };
		01BEC71A1B84598900973716 /* LaunchScreen.xib in Resources */ = {isa = PBXBuildFile; fileRef = 01BEC7181B84598900973716 /* LaunchScreen.xib */; };
		01BEC7261B84598900973716 /* Naked_Salad_BowlTests.swift in Sources */ = {isa = PBXBuildFile; fileRef = 01BEC7251B84598900973716 /* Naked_Salad_BowlTests.swift */; };
		01BEC7321B87F64100973716 /* SecondViewController.swift in Sources */ = {isa = PBXBuildFile; fileRef = 01BEC7311B87F64100973716 /* SecondViewController.swift */; };
		01C4FD8A1B8C3E7F00C1B92C /* ThirdViewController.swift in Sources */ = {isa = PBXBuildFile; fileRef = 01C4FD891B8C3E7F00C1B92C /* ThirdViewController.swift */; };
/* End PBXBuildFile section */

/* Begin PBXContainerItemProxy section */
		01BEC7201B84598900973716 /* PBXContainerItemProxy */ = {
			isa = PBXContainerItemProxy;
			containerPortal = 01BEC7021B84598900973716 /* Project object */;
			proxyType = 1;
			remoteGlobalIDString = 01BEC7091B84598900973716;
			remoteInfo = "Naked Salad Bowl";
		};
/* End PBXContainerItemProxy section */

/* Begin PBXFileReference section */
		01BEC70A1B84598900973716 /* Naked Salad Bowl.app */ = {isa = PBXFileReference; explicitFileType = wrapper.application; includeInIndex = 0; path = "Naked Salad Bowl.app"; sourceTree = BUILT_PRODUCTS_DIR; };
		01BEC70E1B84598900973716 /* Info.plist */ = {isa = PBXFileReference; lastKnownFileType = text.plist.xml; path = Info.plist; sourceTree = "<group>"; };
		01BEC70F1B84598900973716 /* AppDelegate.swift */ = {isa = PBXFileReference; lastKnownFileType = sourcecode.swift; path = AppDelegate.swift; sourceTree = "<group>"; };
		01BEC7111B84598900973716 /* ViewController.swift */ = {isa = PBXFileReference; lastKnownFileType = sourcecode.swift; path = ViewController.swift; sourceTree = "<group>"; };
		01BEC7141B84598900973716 /* Base */ = {isa = PBXFileReference; lastKnownFileType = file.storyboard; name = Base; path = Base.lproj/Main.storyboard; sourceTree = "<group>"; };
		01BEC7161B84598900973716 /* Images.xcassets */ = {isa = PBXFileReference; lastKnownFileType = folder.assetcatalog; path = Images.xcassets; sourceTree = "<group>"; };
		01BEC7191B84598900973716 /* Base */ = {isa = PBXFileReference; lastKnownFileType = file.xib; name = Base; path = Base.lproj/LaunchScreen.xib; sourceTree = "<group>"; };
		01BEC71F1B84598900973716 /* Naked Salad BowlTests.xctest */ = {isa = PBXFileReference; explicitFileType = wrapper.cfbundle; includeInIndex = 0; path = "Naked Salad BowlTests.xctest"; sourceTree = BUILT_PRODUCTS_DIR; };
		01BEC7241B84598900973716 /* Info.plist */ = {isa = PBXFileReference; lastKnownFileType = text.plist.xml; path = Info.plist; sourceTree = "<group>"; };
		01BEC7251B84598900973716 /* Naked_Salad_BowlTests.swift */ = {isa = PBXFileReference; lastKnownFileType = sourcecode.swift; path = Naked_Salad_BowlTests.swift; sourceTree = "<group>"; };
		01BEC7311B87F64100973716 /* SecondViewController.swift */ = {isa = PBXFileReference; fileEncoding = 4; lastKnownFileType = sourcecode.swift; path = SecondViewController.swift; sourceTree = "<group>"; };
		01C4FD891B8C3E7F00C1B92C /* ThirdViewController.swift */ = {isa = PBXFileReference; fileEncoding = 4; lastKnownFileType = sourcecode.swift; path = ThirdViewController.swift; sourceTree = "<group>"; };
/* End PBXFileReference section */

/* Begin PBXFrameworksBuildPhase section */
		01BEC7071B84598900973716 /* Frameworks */ = {
			isa = PBXFrameworksBuildPhase;
			buildActionMask = 2147483647;
			files = (
			);
			runOnlyForDeploymentPostprocessing = 0;
		};
		01BEC71C1B84598900973716 /* Frameworks */ = {
			isa = PBXFrameworksBuildPhase;
			buildActionMask = 2147483647;
			files = (
			);
			runOnlyForDeploymentPostprocessing = 0;
		};
/* End PBXFrameworksBuildPhase section */

/* Begin PBXGroup section */
		01BEC7011B84598900973716 = {
			isa = PBXGroup;
			children = (
				01BEC70C1B84598900973716 /* Naked Salad Bowl */,
				01BEC7221B84598900973716 /* Naked Salad BowlTests */,
				01BEC70B1B84598900973716 /* Products */,
			);
			sourceTree = "<group>";
		};
		01BEC70B1B84598900973716 /* Products */ = {
			isa = PBXGroup;
			children = (
				01BEC70A1B84598900973716 /* Naked Salad Bowl.app */,
				01BEC71F1B84598900973716 /* Naked Salad BowlTests.xctest */,
			);
			name = Products;
			sourceTree = "<group>";
		};
		01BEC70C1B84598900973716 /* Naked Salad Bowl */ = {
			isa = PBXGroup;
			children = (
				01BEC70F1B84598900973716 /* AppDelegate.swift */,
				01BEC7111B84598900973716 /* ViewController.swift */,
				01BEC7311B87F64100973716 /* SecondViewController.swift */,
				01C4FD891B8C3E7F00C1B92C /* ThirdViewController.swift */,
				01BEC7131B84598900973716 /* Main.storyboard */,
				01BEC7161B84598900973716 /* Images.xcassets */,
				01BEC7181B84598900973716 /* LaunchScreen.xib */,
				01BEC70D1B84598900973716 /* Supporting Files */,
			);
			path = "Naked Salad Bowl";
			sourceTree = "<group>";
		};
		01BEC70D1B84598900973716 /* Supporting Files */ = {
			isa = PBXGroup;
			children = (
				01BEC70E1B84598900973716 /* Info.plist */,
			);
			name = "Supporting Files";
			sourceTree = "<group>";
		};
		01BEC7221B84598900973716 /* Naked Salad BowlTests */ = {
			isa = PBXGroup;
			children = (
				01BEC7251B84598900973716 /* Naked_Salad_BowlTests.swift */,
				01BEC7231B84598900973716 /* Supporting Files */,
			);
			path = "Naked Salad BowlTests";
			sourceTree = "<group>";
		};
		01BEC7231B84598900973716 /* Supporting Files */ = {
			isa = PBXGroup;
			children = (
				01BEC7241B84598900973716 /* Info.plist */,
			);
			name = "Supporting Files";
			sourceTree = "<group>";
		};
/* End PBXGroup section */

/* Begin PBXNativeTarget section */
		01BEC7091B84598900973716 /* Naked Salad Bowl */ = {
			isa = PBXNativeTarget;
			buildConfigurationList = 01BEC7291B84598900973716 /* Build configuration list for PBXNativeTarget "Naked Salad Bowl" */;
			buildPhases = (
				01BEC7061B84598900973716 /* Sources */,
				01BEC7071B84598900973716 /* Frameworks */,
				01BEC7081B84598900973716 /* Resources */,
			);
			buildRules = (
			);
			dependencies = (
			);
			name = "Naked Salad Bowl";
			productName = "Naked Salad Bowl";
			productReference = 01BEC70A1B84598900973716 /* Naked Salad Bowl.app */;
			productType = "com.apple.product-type.application";
		};
		01BEC71E1B84598900973716 /* Naked Salad BowlTests */ = {
			isa = PBXNativeTarget;
			buildConfigurationList = 01BEC72C1B84598900973716 /* Build configuration list for PBXNativeTarget "Naked Salad BowlTests" */;
			buildPhases = (
				01BEC71B1B84598900973716 /* Sources */,
				01BEC71C1B84598900973716 /* Frameworks */,
				01BEC71D1B84598900973716 /* Resources */,
			);
			buildRules = (
			);
			dependencies = (
				01BEC7211B84598900973716 /* PBXTargetDependency */,
			);
			name = "Naked Salad BowlTests";
			productName = "Naked Salad BowlTests";
			productReference = 01BEC71F1B84598900973716 /* Naked Salad BowlTests.xctest */;
			productType = "com.apple.product-type.bundle.unit-test";
		};
/* End PBXNativeTarget section */

/* Begin PBXProject section */
		01BEC7021B84598900973716 /* Project object */ = {
			isa = PBXProject;
			attributes = {
				LastUpgradeCheck = 0610;
				ORGANIZATIONNAME = "Alton Lin";
				TargetAttributes = {
					01BEC7091B84598900973716 = {
						CreatedOnToolsVersion = 6.1.1;
					};
					01BEC71E1B84598900973716 = {
						CreatedOnToolsVersion = 6.1.1;
						TestTargetID = 01BEC7091B84598900973716;
					};
				};
			};
			buildConfigurationList = 01BEC7051B84598900973716 /* Build configuration list for PBXProject "Naked Salad Bowl" */;
			compatibilityVersion = "Xcode 3.2";
			developmentRegion = English;
			hasScannedForEncodings = 0;
			knownRegions = (
				en,
				Base,
			);
			mainGroup = 01BEC7011B84598900973716;
			productRefGroup = 01BEC70B1B84598900973716 /* Products */;
			projectDirPath = "";
			projectRoot = "";
			targets = (
				01BEC7091B84598900973716 /* Naked Salad Bowl */,
				01BEC71E1B84598900973716 /* Naked Salad BowlTests */,
			);
		};
/* End PBXProject section */

/* Begin PBXResourcesBuildPhase section */
		01BEC7081B84598900973716 /* Resources */ = {
			isa = PBXResourcesBuildPhase;
			buildActionMask = 2147483647;
			files = (
				01BEC7151B84598900973716 /* Main.storyboard in Resources */,
				01BEC71A1B84598900973716 /* LaunchScreen.xib in Resources */,
				01BEC7171B84598900973716 /* Images.xcassets in Resources */,
			);
			runOnlyForDeploymentPostprocessing = 0;
		};
		01BEC71D1B84598900973716 /* Resources */ = {
			isa = PBXResourcesBuildPhase;
			buildActionMask = 2147483647;
			files = (
			);
			runOnlyForDeploymentPostprocessing = 0;
		};
/* End PBXResourcesBuildPhase section */

/* Begin PBXSourcesBuildPhase section */
		01BEC7061B84598900973716 /* Sources */ = {
			isa = PBXSourcesBuildPhase;
			buildActionMask = 2147483647;
			files = (
				01BEC7321B87F64100973716 /* SecondViewController.swift in Sources */,
				01BEC7121B84598900973716 /* ViewController.swift in Sources */,
				01C4FD8A1B8C3E7F00C1B92C /* ThirdViewController.swift in Sources */,
				01BEC7101B84598900973716 /* AppDelegate.swift in Sources */,
			);
			runOnlyForDeploymentPostprocessing = 0;
		};
		01BEC71B1B84598900973716 /* Sources */ = {
			isa = PBXSourcesBuildPhase;
			buildActionMask = 2147483647;
			files = (
				01BEC7261B84598900973716 /* Naked_Salad_BowlTests.swift in Sources */,
			);
			runOnlyForDeploymentPostprocessing = 0;
		};
/* End PBXSourcesBuildPhase section */

/* Begin PBXTargetDependency section */
		01BEC7211B84598900973716 /* PBXTargetDependency */ = {
			isa = PBXTargetDependency;
			target = 01BEC7091B84598900973716 /* Naked Salad Bowl */;
			targetProxy = 01BEC7201B84598900973716 /* PBXContainerItemProxy */;
		};
/* End PBXTargetDependency section */

/* Begin PBXVariantGroup section */
		01BEC7131B84598900973716 /* Main.storyboard */ = {
			isa = PBXVariantGroup;
			children = (
				01BEC7141B84598900973716 /* Base */,
			);
			name = Main.storyboard;
			sourceTree = "<group>";
		};
		01BEC7181B84598900973716 /* LaunchScreen.xib */ = {
			isa = PBXVariantGroup;
			children = (
				01BEC7191B84598900973716 /* Base */,
			);
			name = LaunchScreen.xib;
			sourceTree = "<group>";
		};
/* End PBXVariantGroup section */

/* Begin XCBuildConfiguration section */
		01BEC7271B84598900973716 /* Debug */ = {
			isa = XCBuildConfiguration;
			buildSettings = {
				ALWAYS_SEARCH_USER_PATHS = NO;
				CLANG_CXX_LANGUAGE_STANDARD = "gnu++0x";
				CLANG_CXX_LIBRARY = "libc++";
				CLANG_ENABLE_MODULES = YES;
				CLANG_ENABLE_OBJC_ARC = YES;
				CLANG_WARN_BOOL_CONVERSION = YES;
				CLANG_WARN_CONSTANT_CONVERSION = YES;
				CLANG_WARN_DIRECT_OBJC_ISA_USAGE = YES_ERROR;
				CLANG_WARN_EMPTY_BODY = YES;
				CLANG_WARN_ENUM_CONVERSION = YES;
				CLANG_WARN_INT_CONVERSION = YES;
				CLANG_WARN_OBJC_ROOT_CLASS = YES_ERROR;
				CLANG_WARN_UNREACHABLE_CODE = YES;
				CLANG_WARN__DUPLICATE_METHOD_MATCH = YES;
				"CODE_SIGN_IDENTITY[sdk=iphoneos*]" = "iPhone Developer";
				COPY_PHASE_STRIP = NO;
				ENABLE_STRICT_OBJC_MSGSEND = YES;
				GCC_C_LANGUAGE_STANDARD = gnu99;
				GCC_DYNAMIC_NO_PIC = NO;
				GCC_OPTIMIZATION_LEVEL = 0;
				GCC_PREPROCESSOR_DEFINITIONS = (
					"DEBUG=1",
					"$(inherited)",
				);
				GCC_SYMBOLS_PRIVATE_EXTERN = NO;
				GCC_WARN_64_TO_32_BIT_CONVERSION = YES;
				GCC_WARN_ABOUT_RETURN_TYPE = YES_ERROR;
				GCC_WARN_UNDECLARED_SELECTOR = YES;
				GCC_WARN_UNINITIALIZED_AUTOS = YES_AGGRESSIVE;
				GCC_WARN_UNUSED_FUNCTION = YES;
				GCC_WARN_UNUSED_VARIABLE = YES;
				IPHONEOS_DEPLOYMENT_TARGET = 8.1;
				MTL_ENABLE_DEBUG_INFO = YES;
				ONLY_ACTIVE_ARCH = YES;
				SDKROOT = iphoneos;
				SWIFT_OPTIMIZATION_LEVEL = "-Onone";
			};
			name = Debug;
		};
		01BEC7281B84598900973716 /* Release */ = {
			isa = XCBuildConfiguration;
			buildSettings = {
				ALWAYS_SEARCH_USER_PATHS = NO;
				CLANG_CXX_LANGUAGE_STANDARD = "gnu++0x";
				CLANG_CXX_LIBRARY = "libc++";
				CLANG_ENABLE_MODULES = YES;
				CLANG_ENABLE_OBJC_ARC = YES;
				CLANG_WARN_BOOL_CONVERSION = YES;
				CLANG_WARN_CONSTANT_CONVERSION = YES;
				CLANG_WARN_DIRECT_OBJC_ISA_USAGE = YES_ERROR;
				CLANG_WARN_EMPTY_BODY = YES;
				CLANG_WARN_ENUM_CONVERSION = YES;
				CLANG_WARN_INT_CONVERSION = YES;
				CLANG_WARN_OBJC_ROOT_CLASS = YES_ERROR;
				CLANG_WARN_UNREACHABLE_CODE = YES;
				CLANG_WARN__DUPLICATE_METHOD_MATCH = YES;
				"CODE_SIGN_IDENTITY[sdk=iphoneos*]" = "iPhone Developer";
				COPY_PHASE_STRIP = YES;
				ENABLE_NS_ASSERTIONS = NO;
				ENABLE_STRICT_OBJC_MSGSEND = YES;
				GCC_C_LANGUAGE_STANDARD = gnu99;
				GCC_WARN_64_TO_32_BIT_CONVERSION = YES;
				GCC_WARN_ABOUT_RETURN_TYPE = YES_ERROR;
				GCC_WARN_UNDECLARED_SELECTOR = YES;
				GCC_WARN_UNINITIALIZED_AUTOS = YES_AGGRESSIVE;
				GCC_WARN_UNUSED_FUNCTION = YES;
				GCC_WARN_UNUSED_VARIABLE = YES;
				IPHONEOS_DEPLOYMENT_TARGET = 8.1;
				MTL_ENABLE_DEBUG_INFO = NO;
				SDKROOT = iphoneos;
				VALIDATE_PRODUCT = YES;
			};
			name = Release;
		};
		01BEC72A1B84598900973716 /* Debug */ = {
			isa = XCBuildConfiguration;
			buildSettings = {
				ASSETCATALOG_COMPILER_APPICON_NAME = AppIcon;
				INFOPLIST_FILE = "Naked Salad Bowl/Info.plist";
				LD_RUNPATH_SEARCH_PATHS = "$(inherited) @executable_path/Frameworks";
				PRODUCT_NAME = "$(TARGET_NAME)";
			};
			name = Debug;
		};
		01BEC72B1B84598900973716 /* Release */ = {
			isa = XCBuildConfiguration;
			buildSettings = {
				ASSETCATALOG_COMPILER_APPICON_NAME = AppIcon;
				INFOPLIST_FILE = "Naked Salad Bowl/Info.plist";
				LD_RUNPATH_SEARCH_PATHS = "$(inherited) @executable_path/Frameworks";
				PRODUCT_NAME = "$(TARGET_NAME)";
			};
			name = Release;
		};
		01BEC72D1B84598900973716 /* Debug */ = {
			isa = XCBuildConfiguration;
			buildSettings = {
				BUNDLE_LOADER = "$(TEST_HOST)";
				FRAMEWORK_SEARCH_PATHS = (
					"$(SDKROOT)/Developer/Library/Frameworks",
					"$(inherited)",
				);
				GCC_PREPROCESSOR_DEFINITIONS = (
					"DEBUG=1",
					"$(inherited)",
				);
				INFOPLIST_FILE = "Naked Salad BowlTests/Info.plist";
				LD_RUNPATH_SEARCH_PATHS = "$(inherited) @executable_path/Frameworks @loader_path/Frameworks";
				PRODUCT_NAME = "$(TARGET_NAME)";
				TEST_HOST = "$(BUILT_PRODUCTS_DIR)/Naked Salad Bowl.app/Naked Salad Bowl";
			};
			name = Debug;
		};
		01BEC72E1B84598900973716 /* Release */ = {
			isa = XCBuildConfiguration;
			buildSettings = {
				BUNDLE_LOADER = "$(TEST_HOST)";
				FRAMEWORK_SEARCH_PATHS = (
					"$(SDKROOT)/Developer/Library/Frameworks",
					"$(inherited)",
				);
				INFOPLIST_FILE = "Naked Salad BowlTests/Info.plist";
				LD_RUNPATH_SEARCH_PATHS = "$(inherited) @executable_path/Frameworks @loader_path/Frameworks";
				PRODUCT_NAME = "$(TARGET_NAME)";
				TEST_HOST = "$(BUILT_PRODUCTS_DIR)/Naked Salad Bowl.app/Naked Salad Bowl";
			};
			name = Release;
		};
/* End XCBuildConfiguration section */

/* Begin XCConfigurationList section */
		01BEC7051B84598900973716 /* Build configuration list for PBXProject "Naked Salad Bowl" */ = {
			isa = XCConfigurationList;
			buildConfigurations = (
				01BEC7271B84598900973716 /* Debug */,
				01BEC7281B84598900973716 /* Release */,
			);
			defaultConfigurationIsVisible = 0;
			defaultConfigurationName = Release;
		};
		01BEC7291B84598900973716 /* Build configuration list for PBXNativeTarget "Naked Salad Bowl" */ = {
			isa = XCConfigurationList;
			buildConfigurations = (
				01BEC72A1B84598900973716 /* Debug */,
				01BEC72B1B84598900973716 /* Release */,
			);
			defaultConfigurationIsVisible = 0;
			defaultConfigurationName = Release;
		};
		01BEC72C1B84598900973716 /* Build configuration list for PBXNativeTarget "Naked Salad BowlTests" */ = {
			isa = XCConfigurationList;
			buildConfigurations = (
				01BEC72D1B84598900973716 /* Debug */,
				01BEC72E1B84598900973716 /* Release */,
			);
			defaultConfigurationIsVisible = 0;
			defaultConfigurationName = Release;
		};
/* End XCConfigurationList section */
	};
	rootObject = 01BEC7021B84598900973716 /* Project object */;
}
